
Microsoft Visual Studio Solution File, Format Version 12.00
# Visual Studio 15
VisualStudioVersion = 15.0.27110.0
MinimumVisualStudioVersion = 10.0.40219.1
Project("{9A19103F-16F7-4668-BE54-9A1E7A4F7556}") = "JwtAuthenticationHelper", "src\JwtAuthenticationHelper\JwtAuthenticationHelper.csproj", "{031FC838-6C97-4463-8564-751A132366C3}"
EndProject
Project("{9A19103F-16F7-4668-BE54-9A1E7A4F7556}") = "JwtAuthenticationHelpers.Tests", "test\JwtAuthenticationHelpers.Tests\JwtAuthenticationHelpers.Tests.csproj", "{6446CCCD-4EE2-4049-AD4B-7D82A3A00D01}"
EndProject
Project("{9A19103F-16F7-4668-BE54-9A1E7A4F7556}") = "JwtTokenAuthRefImplementation.Web", "src\JwtTokenAuthRefImplementation.Web\JwtTokenAuthRefImplementation.Web.csproj", "{7FA98FBA-EB33-44E4-B779-982DE00A6C30}"
EndProject
Project("{9A19103F-16F7-4668-BE54-9A1E7A4F7556}") = "JwtTokenAuthRefImplementation.API", "src\JwtTokenAuthRefImplementation.API\JwtTokenAuthRefImplementation.API.csproj", "{1CD67DFB-9CF2-4BBF-87B5-FFCFBE16E7B1}"
EndProject
Project("{2150E333-8FDC-42A3-9474-1A3956D46DE8}") = "src", "src", "{322D3861-C9D8-4018-AA2C-54258E36D5A4}"
EndProject
Project("{2150E333-8FDC-42A3-9474-1A3956D46DE8}") = "test", "test", "{92484A1B-6DDC-45D4-A85F-04E8602ED995}"
EndProject
Global
	GlobalSection(SolutionConfigurationPlatforms) = preSolution
		Debug|Any CPU = Debug|Any CPU
		Release|Any CPU = Release|Any CPU
	EndGlobalSection
	GlobalSection(ProjectConfigurationPlatforms) = postSolution
		{031FC838-6C97-4463-8564-751A132366C3}.Debug|Any CPU.ActiveCfg = Debug|Any CPU
		{031FC838-6C97-4463-8564-751A132366C3}.Debug|Any CPU.Build.0 = Debug|Any CPU
		{031FC838-6C97-4463-8564-751A132366C3}.Release|Any CPU.ActiveCfg = Release|Any CPU
		{031FC838-6C97-4463-8564-751A132366C3}.Release|Any CPU.Build.0 = Release|Any CPU
		{6446CCCD-4EE2-4049-AD4B-7D82A3A00D01}.Debug|Any CPU.ActiveCfg = Debug|Any CPU
		{6446CCCD-4EE2-4049-AD4B-7D82A3A00D01}.Debug|Any CPU.Build.0 = Debug|Any CPU
		{6446CCCD-4EE2-4049-AD4B-7D82A3A00D01}.Release|Any CPU.ActiveCfg = Release|Any CPU
		{6446CCCD-4EE2-4049-AD4B-7D82A3A00D01}.Release|Any CPU.Build.0 = Release|Any CPU
		{7FA98FBA-EB33-44E4-B779-982DE00A6C30}.Debug|Any CPU.ActiveCfg = Debug|Any CPU
		{7FA98FBA-EB33-44E4-B779-982DE00A6C30}.Debug|Any CPU.Build.0 = Debug|Any CPU
		{7FA98FBA-EB33-44E4-B779-982DE00A6C30}.Release|Any CPU.ActiveCfg = Release|Any CPU
		{7FA98FBA-EB33-44E4-B779-982DE00A6C30}.Release|Any CPU.Build.0 = Release|Any CPU
		{1CD67DFB-9CF2-4BBF-87B5-FFCFBE16E7B1}.Debug|Any CPU.ActiveCfg = Debug|Any CPU
		{1CD67DFB-9CF2-4BBF-87B5-FFCFBE16E7B1}.Debug|Any CPU.Build.0 = Debug|Any CPU
		{1CD67DFB-9CF2-4BBF-87B5-FFCFBE16E7B1}.Release|Any CPU.ActiveCfg = Release|Any CPU
		{1CD67DFB-9CF2-4BBF-87B5-FFCFBE16E7B1}.Release|Any CPU.Build.0 = Release|Any CPU
	EndGlobalSection
	GlobalSection(SolutionProperties) = preSolution
		HideSolutionNode = FALSE
	EndGlobalSection
	GlobalSection(NestedProjects) = preSolution
		{031FC838-6C97-4463-8564-751A132366C3} = {322D3861-C9D8-4018-AA2C-54258E36D5A4}
		{6446CCCD-4EE2-4049-AD4B-7D82A3A00D01} = {92484A1B-6DDC-45D4-A85F-04E8602ED995}
		{7FA98FBA-EB33-44E4-B779-982DE00A6C30} = {322D3861-C9D8-4018-AA2C-54258E36D5A4}
		{1CD67DFB-9CF2-4BBF-87B5-FFCFBE16E7B1} = {322D3861-C9D8-4018-AA2C-54258E36D5A4}
	EndGlobalSection
	GlobalSection(ExtensibilityGlobals) = postSolution
		SolutionGuid = {3BB4DCC0-27D1-45F6-8196-DF5957A68435}
	EndGlobalSection
EndGlobal
