
Microsoft Visual Studio Solution File, Format Version 12.00
# Visual Studio Version 17
VisualStudioVersion = 17.3.32804.467
MinimumVisualStudioVersion = 10.0.40219.1
Project("{9A19103F-16F7-4668-BE54-9A1E7A4F7556}") = "JwtAuthenticationHelpers.Tests", "test\JwtAuthenticationHelpers.Tests\JwtAuthenticationHelpers.Tests.csproj", "{6446CCCD-4EE2-4049-AD4B-7D82A3A00D01}"
EndProject
Project("{9A19103F-16F7-4668-BE54-9A1E7A4F7556}") = "JwtTokenAuthRefImplementation.API", "src\JwtTokenAuthRefImplementation.API\JwtTokenAuthRefImplementation.API.csproj", "{1CD67DFB-9CF2-4BBF-87B5-FFCFBE16E7B1}"
EndProject
Project("{2150E333-8FDC-42A3-9474-1A3956D46DE8}") = "src", "src", "{322D3861-C9D8-4018-AA2C-54258E36D5A4}"
EndProject
Project("{2150E333-8FDC-42A3-9474-1A3956D46DE8}") = "test", "test", "{92484A1B-6DDC-45D4-A85F-04E8602ED995}"
EndProject
Project("{2150E333-8FDC-42A3-9474-1A3956D46DE8}") = "Solution Items", "Solution Items", "{8DA5A04E-1D47-4A9B-9792-E298186E15FA}"
	ProjectSection(SolutionItems) = preProject
		azure-pipelines.yml = azure-pipelines.yml
		build.cake = build.cake
		build.ps1 = build.ps1
	EndProjectSection
EndProject
Project("{9A19103F-16F7-4668-BE54-9A1E7A4F7556}") = "JwtGenerator", "src\JwtGenerator\JwtGenerator.csproj", "{56991141-69FA-4D26-BB13-9EA3BF0A2E21}"
EndProject
Project("{9A19103F-16F7-4668-BE54-9A1E7A4F7556}") = "JwtGenerator.ServiceCollection.Extensions.JwtBearer", "src\JwtGenerator.ServiceCollection.Extensions.JwtBearer\JwtGenerator.ServiceCollection.Extensions.JwtBearer.csproj", "{A57765BC-0206-41E6-8EBF-54C6D5C9736F}"
EndProject
Project("{9A19103F-16F7-4668-BE54-9A1E7A4F7556}") = "JwtGenerator.ServiceCollection.Extensions.Cookies", "src\JwtGenerator.ServiceCollection.Extensions.Cookies\JwtGenerator.ServiceCollection.Extensions.Cookies.csproj", "{E329C375-F076-4704-8E71-BD017FA34469}"
EndProject
Project("{9A19103F-16F7-4668-BE54-9A1E7A4F7556}") = "JwtAuthWithCookie.Web3.1", "src\JwtAuthWithCookie.Web3.1\JwtAuthWithCookie.Web3.1.csproj", "{7303FFCC-ECFF-4343-80A5-25B5CEF02CBF}"
EndProject
Global
	GlobalSection(SolutionConfigurationPlatforms) = preSolution
		Debug|Any CPU = Debug|Any CPU
		Release|Any CPU = Release|Any CPU
	EndGlobalSection
	GlobalSection(ProjectConfigurationPlatforms) = postSolution
		{6446CCCD-4EE2-4049-AD4B-7D82A3A00D01}.Debug|Any CPU.ActiveCfg = Debug|Any CPU
		{6446CCCD-4EE2-4049-AD4B-7D82A3A00D01}.Debug|Any CPU.Build.0 = Debug|Any CPU
		{6446CCCD-4EE2-4049-AD4B-7D82A3A00D01}.Release|Any CPU.ActiveCfg = Release|Any CPU
		{6446CCCD-4EE2-4049-AD4B-7D82A3A00D01}.Release|Any CPU.Build.0 = Release|Any CPU
		{1CD67DFB-9CF2-4BBF-87B5-FFCFBE16E7B1}.Debug|Any CPU.ActiveCfg = Debug|Any CPU
		{1CD67DFB-9CF2-4BBF-87B5-FFCFBE16E7B1}.Debug|Any CPU.Build.0 = Debug|Any CPU
		{1CD67DFB-9CF2-4BBF-87B5-FFCFBE16E7B1}.Release|Any CPU.ActiveCfg = Release|Any CPU
		{1CD67DFB-9CF2-4BBF-87B5-FFCFBE16E7B1}.Release|Any CPU.Build.0 = Release|Any CPU
		{56991141-69FA-4D26-BB13-9EA3BF0A2E21}.Debug|Any CPU.ActiveCfg = Debug|Any CPU
		{56991141-69FA-4D26-BB13-9EA3BF0A2E21}.Debug|Any CPU.Build.0 = Debug|Any CPU
		{56991141-69FA-4D26-BB13-9EA3BF0A2E21}.Release|Any CPU.ActiveCfg = Release|Any CPU
		{56991141-69FA-4D26-BB13-9EA3BF0A2E21}.Release|Any CPU.Build.0 = Release|Any CPU
		{A57765BC-0206-41E6-8EBF-54C6D5C9736F}.Debug|Any CPU.ActiveCfg = Debug|Any CPU
		{A57765BC-0206-41E6-8EBF-54C6D5C9736F}.Debug|Any CPU.Build.0 = Debug|Any CPU
		{A57765BC-0206-41E6-8EBF-54C6D5C9736F}.Release|Any CPU.ActiveCfg = Release|Any CPU
		{A57765BC-0206-41E6-8EBF-54C6D5C9736F}.Release|Any CPU.Build.0 = Release|Any CPU
		{E329C375-F076-4704-8E71-BD017FA34469}.Debug|Any CPU.ActiveCfg = Debug|Any CPU
		{E329C375-F076-4704-8E71-BD017FA34469}.Debug|Any CPU.Build.0 = Debug|Any CPU
		{E329C375-F076-4704-8E71-BD017FA34469}.Release|Any CPU.ActiveCfg = Release|Any CPU
		{E329C375-F076-4704-8E71-BD017FA34469}.Release|Any CPU.Build.0 = Release|Any CPU
		{7303FFCC-ECFF-4343-80A5-25B5CEF02CBF}.Debug|Any CPU.ActiveCfg = Debug|Any CPU
		{7303FFCC-ECFF-4343-80A5-25B5CEF02CBF}.Debug|Any CPU.Build.0 = Debug|Any CPU
		{7303FFCC-ECFF-4343-80A5-25B5CEF02CBF}.Release|Any CPU.ActiveCfg = Release|Any CPU
		{7303FFCC-ECFF-4343-80A5-25B5CEF02CBF}.Release|Any CPU.Build.0 = Release|Any CPU
	EndGlobalSection
	GlobalSection(SolutionProperties) = preSolution
		HideSolutionNode = FALSE
	EndGlobalSection
	GlobalSection(NestedProjects) = preSolution
		{6446CCCD-4EE2-4049-AD4B-7D82A3A00D01} = {92484A1B-6DDC-45D4-A85F-04E8602ED995}
		{1CD67DFB-9CF2-4BBF-87B5-FFCFBE16E7B1} = {322D3861-C9D8-4018-AA2C-54258E36D5A4}
		{56991141-69FA-4D26-BB13-9EA3BF0A2E21} = {322D3861-C9D8-4018-AA2C-54258E36D5A4}
		{A57765BC-0206-41E6-8EBF-54C6D5C9736F} = {322D3861-C9D8-4018-AA2C-54258E36D5A4}
		{E329C375-F076-4704-8E71-BD017FA34469} = {322D3861-C9D8-4018-AA2C-54258E36D5A4}
		{7303FFCC-ECFF-4343-80A5-25B5CEF02CBF} = {322D3861-C9D8-4018-AA2C-54258E36D5A4}
	EndGlobalSection
	GlobalSection(ExtensibilityGlobals) = postSolution
		SolutionGuid = {3BB4DCC0-27D1-45F6-8196-DF5957A68435}
	EndGlobalSection
EndGlobal
